// !$*UTF8*$!
{
	archiveVersion = 1;
	classes = {
	};
	objectVersion = 50;
	objects = {

/* Begin PBXBuildFile section */
		8803239D2270989C00C68A41 /* AppDelegate.swift in Sources */ = {isa = PBXBuildFile; fileRef = 8803239C2270989C00C68A41 /* AppDelegate.swift */; };
		8803239F2270989C00C68A41 /* GetLocationController.swift in Sources */ = {isa = PBXBuildFile; fileRef = 8803239E2270989C00C68A41 /* GetLocationController.swift */; };
		880323A22270989C00C68A41 /* Main.storyboard in Resources */ = {isa = PBXBuildFile; fileRef = 880323A02270989C00C68A41 /* Main.storyboard */; };
		880323A52270989C00C68A41 /* testAutocomplete.xcdatamodeld in Sources */ = {isa = PBXBuildFile; fileRef = 880323A32270989C00C68A41 /* testAutocomplete.xcdatamodeld */; };
		880323A72270989E00C68A41 /* Assets.xcassets in Resources */ = {isa = PBXBuildFile; fileRef = 880323A62270989E00C68A41 /* Assets.xcassets */; };
		880323AA2270989E00C68A41 /* LaunchScreen.storyboard in Resources */ = {isa = PBXBuildFile; fileRef = 880323A82270989E00C68A41 /* LaunchScreen.storyboard */; };
		880323B52270989E00C68A41 /* testAutocompleteTests.swift in Sources */ = {isa = PBXBuildFile; fileRef = 880323B42270989E00C68A41 /* testAutocompleteTests.swift */; };
		880323C02270989E00C68A41 /* testAutocompleteUITests.swift in Sources */ = {isa = PBXBuildFile; fileRef = 880323BF2270989E00C68A41 /* testAutocompleteUITests.swift */; };
		8803240B22709D6600C68A41 /* GooglePlaces.framework in Frameworks */ = {isa = PBXBuildFile; fileRef = 8803240A22709D6600C68A41 /* GooglePlaces.framework */; };
		8803240D22709D8000C68A41 /* GoogleMapsBase.framework in Frameworks */ = {isa = PBXBuildFile; fileRef = 8803240C22709D8000C68A41 /* GoogleMapsBase.framework */; };
		8803240F22709EE600C68A41 /* GooglePlaces.bundle in Resources */ = {isa = PBXBuildFile; fileRef = 8803240E22709EE600C68A41 /* GooglePlaces.bundle */; };
		880324122270A07B00C68A41 /* Accelerate.framework in Frameworks */ = {isa = PBXBuildFile; fileRef = 880324112270A07B00C68A41 /* Accelerate.framework */; };
		880324142270A09100C68A41 /* CoreData.framework in Frameworks */ = {isa = PBXBuildFile; fileRef = 880324132270A09100C68A41 /* CoreData.framework */; };
		880324162270A0A700C68A41 /* CoreGraphics.framework in Frameworks */ = {isa = PBXBuildFile; fileRef = 880324152270A0A700C68A41 /* CoreGraphics.framework */; };
		880324182270A0B100C68A41 /* CoreImage.framework in Frameworks */ = {isa = PBXBuildFile; fileRef = 880324172270A0B100C68A41 /* CoreImage.framework */; };
		8803241A2270A0BA00C68A41 /* CoreLocation.framework in Frameworks */ = {isa = PBXBuildFile; fileRef = 880324192270A0BA00C68A41 /* CoreLocation.framework */; };
		8803241C2270A0C700C68A41 /* CoreTelephony.framework in Frameworks */ = {isa = PBXBuildFile; fileRef = 8803241B2270A0C700C68A41 /* CoreTelephony.framework */; };
		8803241E2270A0E300C68A41 /* CoreText.framework in Frameworks */ = {isa = PBXBuildFile; fileRef = 8803241D2270A0E300C68A41 /* CoreText.framework */; };
		880324202270A0F100C68A41 /* GLKit.framework in Frameworks */ = {isa = PBXBuildFile; fileRef = 8803241F2270A0F100C68A41 /* GLKit.framework */; };
		880324222270A0FC00C68A41 /* ImageIO.framework in Frameworks */ = {isa = PBXBuildFile; fileRef = 880324212270A0FC00C68A41 /* ImageIO.framework */; };
		880324242270A11800C68A41 /* libc++.tbd in Frameworks */ = {isa = PBXBuildFile; fileRef = 880324232270A11800C68A41 /* libc++.tbd */; };
		880324262270A56E00C68A41 /* libz.tbd in Frameworks */ = {isa = PBXBuildFile; fileRef = 880324252270A56E00C68A41 /* libz.tbd */; };
		880324282270A78B00C68A41 /* OpenGLES.framework in Frameworks */ = {isa = PBXBuildFile; fileRef = 880324272270A78B00C68A41 /* OpenGLES.framework */; };
		8803242A2270A7B300C68A41 /* QuartzCore.framework in Frameworks */ = {isa = PBXBuildFile; fileRef = 880324292270A7B300C68A41 /* QuartzCore.framework */; };
		8803242C2270A7D200C68A41 /* SystemConfiguration.framework in Frameworks */ = {isa = PBXBuildFile; fileRef = 8803242B2270A7D200C68A41 /* SystemConfiguration.framework */; };
		8803242E2270A81C00C68A41 /* UIKit.framework in Frameworks */ = {isa = PBXBuildFile; fileRef = 8803242D2270A81C00C68A41 /* UIKit.framework */; };
		880324302270B0AE00C68A41 /* ViewController.swift in Sources */ = {isa = PBXBuildFile; fileRef = 8803242F2270B0AE00C68A41 /* ViewController.swift */; };
/* End PBXBuildFile section */

/* Begin PBXContainerItemProxy section */
		880323B12270989E00C68A41 /* PBXContainerItemProxy */ = {
			isa = PBXContainerItemProxy;
			containerPortal = 880323912270989C00C68A41 /* Project object */;
			proxyType = 1;
			remoteGlobalIDString = 880323982270989C00C68A41;
			remoteInfo = testAutocomplete;
		};
		880323BC2270989E00C68A41 /* PBXContainerItemProxy */ = {
			isa = PBXContainerItemProxy;
			containerPortal = 880323912270989C00C68A41 /* Project object */;
			proxyType = 1;
			remoteGlobalIDString = 880323982270989C00C68A41;
			remoteInfo = testAutocomplete;
		};
/* End PBXContainerItemProxy section */

/* Begin PBXFileReference section */
		880323992270989C00C68A41 /* testAutocomplete.app */ = {isa = PBXFileReference; explicitFileType = wrapper.application; includeInIndex = 0; path = testAutocomplete.app; sourceTree = BUILT_PRODUCTS_DIR; };
		8803239C2270989C00C68A41 /* AppDelegate.swift */ = {isa = PBXFileReference; lastKnownFileType = sourcecode.swift; path = AppDelegate.swift; sourceTree = "<group>"; };
		8803239E2270989C00C68A41 /* GetLocationController.swift */ = {isa = PBXFileReference; lastKnownFileType = sourcecode.swift; path = GetLocationController.swift; sourceTree = "<group>"; };
		880323A12270989C00C68A41 /* Base */ = {isa = PBXFileReference; lastKnownFileType = file.storyboard; name = Base; path = Base.lproj/Main.storyboard; sourceTree = "<group>"; };
		880323A42270989C00C68A41 /* testAutocomplete.xcdatamodel */ = {isa = PBXFileReference; lastKnownFileType = wrapper.xcdatamodel; path = testAutocomplete.xcdatamodel; sourceTree = "<group>"; };
		880323A62270989E00C68A41 /* Assets.xcassets */ = {isa = PBXFileReference; lastKnownFileType = folder.assetcatalog; path = Assets.xcassets; sourceTree = "<group>"; };
		880323A92270989E00C68A41 /* Base */ = {isa = PBXFileReference; lastKnownFileType = file.storyboard; name = Base; path = Base.lproj/LaunchScreen.storyboard; sourceTree = "<group>"; };
		880323AB2270989E00C68A41 /* Info.plist */ = {isa = PBXFileReference; lastKnownFileType = text.plist.xml; path = Info.plist; sourceTree = "<group>"; };
		880323B02270989E00C68A41 /* testAutocompleteTests.xctest */ = {isa = PBXFileReference; explicitFileType = wrapper.cfbundle; includeInIndex = 0; path = testAutocompleteTests.xctest; sourceTree = BUILT_PRODUCTS_DIR; };
		880323B42270989E00C68A41 /* testAutocompleteTests.swift */ = {isa = PBXFileReference; lastKnownFileType = sourcecode.swift; path = testAutocompleteTests.swift; sourceTree = "<group>"; };
		880323B62270989E00C68A41 /* Info.plist */ = {isa = PBXFileReference; lastKnownFileType = text.plist.xml; path = Info.plist; sourceTree = "<group>"; };
		880323BB2270989E00C68A41 /* testAutocompleteUITests.xctest */ = {isa = PBXFileReference; explicitFileType = wrapper.cfbundle; includeInIndex = 0; path = testAutocompleteUITests.xctest; sourceTree = BUILT_PRODUCTS_DIR; };
		880323BF2270989E00C68A41 /* testAutocompleteUITests.swift */ = {isa = PBXFileReference; lastKnownFileType = sourcecode.swift; path = testAutocompleteUITests.swift; sourceTree = "<group>"; };
		880323C12270989E00C68A41 /* Info.plist */ = {isa = PBXFileReference; lastKnownFileType = text.plist.xml; path = Info.plist; sourceTree = "<group>"; };
		8803240A22709D6600C68A41 /* GooglePlaces.framework */ = {isa = PBXFileReference; lastKnownFileType = wrapper.framework; path = GooglePlaces.framework; sourceTree = "<group>"; };
		8803240C22709D8000C68A41 /* GoogleMapsBase.framework */ = {isa = PBXFileReference; lastKnownFileType = wrapper.framework; path = GoogleMapsBase.framework; sourceTree = "<group>"; };
		8803240E22709EE600C68A41 /* GooglePlaces.bundle */ = {isa = PBXFileReference; lastKnownFileType = "wrapper.plug-in"; name = GooglePlaces.bundle; path = GooglePlaces.framework/Resources/GooglePlaces.bundle; sourceTree = "<group>"; };
		880324112270A07B00C68A41 /* Accelerate.framework */ = {isa = PBXFileReference; lastKnownFileType = wrapper.framework; name = Accelerate.framework; path = System/Library/Frameworks/Accelerate.framework; sourceTree = SDKROOT; };
		880324132270A09100C68A41 /* CoreData.framework */ = {isa = PBXFileReference; lastKnownFileType = wrapper.framework; name = CoreData.framework; path = System/Library/Frameworks/CoreData.framework; sourceTree = SDKROOT; };
		880324152270A0A700C68A41 /* CoreGraphics.framework */ = {isa = PBXFileReference; lastKnownFileType = wrapper.framework; name = CoreGraphics.framework; path = System/Library/Frameworks/CoreGraphics.framework; sourceTree = SDKROOT; };
		880324172270A0B100C68A41 /* CoreImage.framework */ = {isa = PBXFileReference; lastKnownFileType = wrapper.framework; name = CoreImage.framework; path = System/Library/Frameworks/CoreImage.framework; sourceTree = SDKROOT; };
		880324192270A0BA00C68A41 /* CoreLocation.framework */ = {isa = PBXFileReference; lastKnownFileType = wrapper.framework; name = CoreLocation.framework; path = System/Library/Frameworks/CoreLocation.framework; sourceTree = SDKROOT; };
		8803241B2270A0C700C68A41 /* CoreTelephony.framework */ = {isa = PBXFileReference; lastKnownFileType = wrapper.framework; name = CoreTelephony.framework; path = System/Library/Frameworks/CoreTelephony.framework; sourceTree = SDKROOT; };
		8803241D2270A0E300C68A41 /* CoreText.framework */ = {isa = PBXFileReference; lastKnownFileType = wrapper.framework; name = CoreText.framework; path = System/Library/Frameworks/CoreText.framework; sourceTree = SDKROOT; };
		8803241F2270A0F100C68A41 /* GLKit.framework */ = {isa = PBXFileReference; lastKnownFileType = wrapper.framework; name = GLKit.framework; path = System/Library/Frameworks/GLKit.framework; sourceTree = SDKROOT; };
		880324212270A0FC00C68A41 /* ImageIO.framework */ = {isa = PBXFileReference; lastKnownFileType = wrapper.framework; name = ImageIO.framework; path = System/Library/Frameworks/ImageIO.framework; sourceTree = SDKROOT; };
		880324232270A11800C68A41 /* libc++.tbd */ = {isa = PBXFileReference; lastKnownFileType = "sourcecode.text-based-dylib-definition"; name = "libc++.tbd"; path = "usr/lib/libc++.tbd"; sourceTree = SDKROOT; };
		880324252270A56E00C68A41 /* libz.tbd */ = {isa = PBXFileReference; lastKnownFileType = "sourcecode.text-based-dylib-definition"; name = libz.tbd; path = usr/lib/libz.tbd; sourceTree = SDKROOT; };
		880324272270A78B00C68A41 /* OpenGLES.framework */ = {isa = PBXFileReference; lastKnownFileType = wrapper.framework; name = OpenGLES.framework; path = System/Library/Frameworks/OpenGLES.framework; sourceTree = SDKROOT; };
		880324292270A7B300C68A41 /* QuartzCore.framework */ = {isa = PBXFileReference; lastKnownFileType = wrapper.framework; name = QuartzCore.framework; path = System/Library/Frameworks/QuartzCore.framework; sourceTree = SDKROOT; };
		8803242B2270A7D200C68A41 /* SystemConfiguration.framework */ = {isa = PBXFileReference; lastKnownFileType = wrapper.framework; name = SystemConfiguration.framework; path = System/Library/Frameworks/SystemConfiguration.framework; sourceTree = SDKROOT; };
		8803242D2270A81C00C68A41 /* UIKit.framework */ = {isa = PBXFileReference; lastKnownFileType = wrapper.framework; name = UIKit.framework; path = System/Library/Frameworks/UIKit.framework; sourceTree = SDKROOT; };
		8803242F2270B0AE00C68A41 /* ViewController.swift */ = {isa = PBXFileReference; lastKnownFileType = sourcecode.swift; path = ViewController.swift; sourceTree = "<group>"; };
/* End PBXFileReference section */

/* Begin PBXFrameworksBuildPhase section */
		880323962270989C00C68A41 /* Frameworks */ = {
			isa = PBXFrameworksBuildPhase;
			buildActionMask = 2147483647;
			files = (
				8803242E2270A81C00C68A41 /* UIKit.framework in Frameworks */,
				8803242C2270A7D200C68A41 /* SystemConfiguration.framework in Frameworks */,
				8803242A2270A7B300C68A41 /* QuartzCore.framework in Frameworks */,
				880324282270A78B00C68A41 /* OpenGLES.framework in Frameworks */,
				880324262270A56E00C68A41 /* libz.tbd in Frameworks */,
				880324242270A11800C68A41 /* libc++.tbd in Frameworks */,
				880324222270A0FC00C68A41 /* ImageIO.framework in Frameworks */,
				880324202270A0F100C68A41 /* GLKit.framework in Frameworks */,
				8803241E2270A0E300C68A41 /* CoreText.framework in Frameworks */,
				8803241C2270A0C700C68A41 /* CoreTelephony.framework in Frameworks */,
				8803241A2270A0BA00C68A41 /* CoreLocation.framework in Frameworks */,
				880324182270A0B100C68A41 /* CoreImage.framework in Frameworks */,
				880324162270A0A700C68A41 /* CoreGraphics.framework in Frameworks */,
				880324142270A09100C68A41 /* CoreData.framework in Frameworks */,
				880324122270A07B00C68A41 /* Accelerate.framework in Frameworks */,
				8803240B22709D6600C68A41 /* GooglePlaces.framework in Frameworks */,
				8803240D22709D8000C68A41 /* GoogleMapsBase.framework in Frameworks */,
			);
			runOnlyForDeploymentPostprocessing = 0;
		};
		880323AD2270989E00C68A41 /* Frameworks */ = {
			isa = PBXFrameworksBuildPhase;
			buildActionMask = 2147483647;
			files = (
			);
			runOnlyForDeploymentPostprocessing = 0;
		};
		880323B82270989E00C68A41 /* Frameworks */ = {
			isa = PBXFrameworksBuildPhase;
			buildActionMask = 2147483647;
			files = (
			);
			runOnlyForDeploymentPostprocessing = 0;
		};
/* End PBXFrameworksBuildPhase section */

/* Begin PBXGroup section */
		880323902270989C00C68A41 = {
			isa = PBXGroup;
			children = (
				8803239B2270989C00C68A41 /* testAutocomplete */,
				880323B32270989E00C68A41 /* testAutocompleteTests */,
				880323BE2270989E00C68A41 /* testAutocompleteUITests */,
				8803239A2270989C00C68A41 /* Products */,
				8803240E22709EE600C68A41 /* GooglePlaces.bundle */,
				8803240C22709D8000C68A41 /* GoogleMapsBase.framework */,
				8803240A22709D6600C68A41 /* GooglePlaces.framework */,
				880324102270A07B00C68A41 /* Frameworks */,
			);
			sourceTree = "<group>";
		};
		8803239A2270989C00C68A41 /* Products */ = {
			isa = PBXGroup;
			children = (
				880323992270989C00C68A41 /* testAutocomplete.app */,
				880323B02270989E00C68A41 /* testAutocompleteTests.xctest */,
				880323BB2270989E00C68A41 /* testAutocompleteUITests.xctest */,
			);
			name = Products;
			sourceTree = "<group>";
		};
		8803239B2270989C00C68A41 /* testAutocomplete */ = {
			isa = PBXGroup;
			children = (
				8803239C2270989C00C68A41 /* AppDelegate.swift */,
				8803239E2270989C00C68A41 /* GetLocationController.swift */,
				880323A02270989C00C68A41 /* Main.storyboard */,
				880323A62270989E00C68A41 /* Assets.xcassets */,
				880323A82270989E00C68A41 /* LaunchScreen.storyboard */,
				880323AB2270989E00C68A41 /* Info.plist */,
				880323A32270989C00C68A41 /* testAutocomplete.xcdatamodeld */,
				8803242F2270B0AE00C68A41 /* ViewController.swift */,
			);
			path = testAutocomplete;
			sourceTree = "<group>";
		};
		880323B32270989E00C68A41 /* testAutocompleteTests */ = {
			isa = PBXGroup;
			children = (
				880323B42270989E00C68A41 /* testAutocompleteTests.swift */,
				880323B62270989E00C68A41 /* Info.plist */,
			);
			path = testAutocompleteTests;
			sourceTree = "<group>";
		};
		880323BE2270989E00C68A41 /* testAutocompleteUITests */ = {
			isa = PBXGroup;
			children = (
				880323BF2270989E00C68A41 /* testAutocompleteUITests.swift */,
				880323C12270989E00C68A41 /* Info.plist */,
			);
			path = testAutocompleteUITests;
			sourceTree = "<group>";
		};
		880324102270A07B00C68A41 /* Frameworks */ = {
			isa = PBXGroup;
			children = (
				8803242D2270A81C00C68A41 /* UIKit.framework */,
				8803242B2270A7D200C68A41 /* SystemConfiguration.framework */,
				880324292270A7B300C68A41 /* QuartzCore.framework */,
				880324272270A78B00C68A41 /* OpenGLES.framework */,
				880324252270A56E00C68A41 /* libz.tbd */,
				880324232270A11800C68A41 /* libc++.tbd */,
				880324212270A0FC00C68A41 /* ImageIO.framework */,
				8803241F2270A0F100C68A41 /* GLKit.framework */,
				8803241D2270A0E300C68A41 /* CoreText.framework */,
				8803241B2270A0C700C68A41 /* CoreTelephony.framework */,
				880324192270A0BA00C68A41 /* CoreLocation.framework */,
				880324172270A0B100C68A41 /* CoreImage.framework */,
				880324152270A0A700C68A41 /* CoreGraphics.framework */,
				880324132270A09100C68A41 /* CoreData.framework */,
				880324112270A07B00C68A41 /* Accelerate.framework */,
			);
			name = Frameworks;
			sourceTree = "<group>";
		};
/* End PBXGroup section */

/* Begin PBXNativeTarget section */
		880323982270989C00C68A41 /* testAutocomplete */ = {
			isa = PBXNativeTarget;
			buildConfigurationList = 880323C42270989E00C68A41 /* Build configuration list for PBXNativeTarget "testAutocomplete" */;
			buildPhases = (
				880323952270989C00C68A41 /* Sources */,
				880323962270989C00C68A41 /* Frameworks */,
				880323972270989C00C68A41 /* Resources */,
			);
			buildRules = (
			);
			dependencies = (
			);
			name = testAutocomplete;
			productName = testAutocomplete;
			productReference = 880323992270989C00C68A41 /* testAutocomplete.app */;
			productType = "com.apple.product-type.application";
		};
		880323AF2270989E00C68A41 /* testAutocompleteTests */ = {
			isa = PBXNativeTarget;
			buildConfigurationList = 880323C72270989E00C68A41 /* Build configuration list for PBXNativeTarget "testAutocompleteTests" */;
			buildPhases = (
				880323AC2270989E00C68A41 /* Sources */,
				880323AD2270989E00C68A41 /* Frameworks */,
				880323AE2270989E00C68A41 /* Resources */,
			);
			buildRules = (
			);
			dependencies = (
				880323B22270989E00C68A41 /* PBXTargetDependency */,
			);
			name = testAutocompleteTests;
			productName = testAutocompleteTests;
			productReference = 880323B02270989E00C68A41 /* testAutocompleteTests.xctest */;
			productType = "com.apple.product-type.bundle.unit-test";
		};
		880323BA2270989E00C68A41 /* testAutocompleteUITests */ = {
			isa = PBXNativeTarget;
			buildConfigurationList = 880323CA2270989E00C68A41 /* Build configuration list for PBXNativeTarget "testAutocompleteUITests" */;
			buildPhases = (
				880323B72270989E00C68A41 /* Sources */,
				880323B82270989E00C68A41 /* Frameworks */,
				880323B92270989E00C68A41 /* Resources */,
			);
			buildRules = (
			);
			dependencies = (
				880323BD2270989E00C68A41 /* PBXTargetDependency */,
			);
			name = testAutocompleteUITests;
			productName = testAutocompleteUITests;
			productReference = 880323BB2270989E00C68A41 /* testAutocompleteUITests.xctest */;
			productType = "com.apple.product-type.bundle.ui-testing";
		};
/* End PBXNativeTarget section */

/* Begin PBXProject section */
		880323912270989C00C68A41 /* Project object */ = {
			isa = PBXProject;
			attributes = {
				LastSwiftUpdateCheck = 1010;
				LastUpgradeCheck = 1010;
				ORGANIZATIONNAME = imac;
				TargetAttributes = {
					880323982270989C00C68A41 = {
						CreatedOnToolsVersion = 10.1;
					};
					880323AF2270989E00C68A41 = {
						CreatedOnToolsVersion = 10.1;
						TestTargetID = 880323982270989C00C68A41;
					};
					880323BA2270989E00C68A41 = {
						CreatedOnToolsVersion = 10.1;
						TestTargetID = 880323982270989C00C68A41;
					};
				};
			};
			buildConfigurationList = 880323942270989C00C68A41 /* Build configuration list for PBXProject "testAutocomplete" */;
			compatibilityVersion = "Xcode 9.3";
			developmentRegion = en;
			hasScannedForEncodings = 0;
			knownRegions = (
				en,
				Base,
			);
			mainGroup = 880323902270989C00C68A41;
			productRefGroup = 8803239A2270989C00C68A41 /* Products */;
			projectDirPath = "";
			projectRoot = "";
			targets = (
				880323982270989C00C68A41 /* testAutocomplete */,
				880323AF2270989E00C68A41 /* testAutocompleteTests */,
				880323BA2270989E00C68A41 /* testAutocompleteUITests */,
			);
		};
/* End PBXProject section */

/* Begin PBXResourcesBuildPhase section */
		880323972270989C00C68A41 /* Resources */ = {
			isa = PBXResourcesBuildPhase;
			buildActionMask = 2147483647;
			files = (
				8803240F22709EE600C68A41 /* GooglePlaces.bundle in Resources */,
				880323AA2270989E00C68A41 /* LaunchScreen.storyboard in Resources */,
				880323A72270989E00C68A41 /* Assets.xcassets in Resources */,
				880323A22270989C00C68A41 /* Main.storyboard in Resources */,
			);
			runOnlyForDeploymentPostprocessing = 0;
		};
		880323AE2270989E00C68A41 /* Resources */ = {
			isa = PBXResourcesBuildPhase;
			buildActionMask = 2147483647;
			files = (
			);
			runOnlyForDeploymentPostprocessing = 0;
		};
		880323B92270989E00C68A41 /* Resources */ = {
			isa = PBXResourcesBuildPhase;
			buildActionMask = 2147483647;
			files = (
			);
			runOnlyForDeploymentPostprocessing = 0;
		};
/* End PBXResourcesBuildPhase section */

/* Begin PBXSourcesBuildPhase section */
		880323952270989C00C68A41 /* Sources */ = {
			isa = PBXSourcesBuildPhase;
			buildActionMask = 2147483647;
			files = (
				8803239F2270989C00C68A41 /* GetLocationController.swift in Sources */,
				8803239D2270989C00C68A41 /* AppDelegate.swift in Sources */,
				880324302270B0AE00C68A41 /* ViewController.swift in Sources */,
				880323A52270989C00C68A41 /* testAutocomplete.xcdatamodeld in Sources */,
			);
			runOnlyForDeploymentPostprocessing = 0;
		};
		880323AC2270989E00C68A41 /* Sources */ = {
			isa = PBXSourcesBuildPhase;
			buildActionMask = 2147483647;
			files = (
				880323B52270989E00C68A41 /* testAutocompleteTests.swift in Sources */,
			);
			runOnlyForDeploymentPostprocessing = 0;
		};
		880323B72270989E00C68A41 /* Sources */ = {
			isa = PBXSourcesBuildPhase;
			buildActionMask = 2147483647;
			files = (
				880323C02270989E00C68A41 /* testAutocompleteUITests.swift in Sources */,
			);
			runOnlyForDeploymentPostprocessing = 0;
		};
/* End PBXSourcesBuildPhase section */

/* Begin PBXTargetDependency section */
		880323B22270989E00C68A41 /* PBXTargetDependency */ = {
			isa = PBXTargetDependency;
			target = 880323982270989C00C68A41 /* testAutocomplete */;
			targetProxy = 880323B12270989E00C68A41 /* PBXContainerItemProxy */;
		};
		880323BD2270989E00C68A41 /* PBXTargetDependency */ = {
			isa = PBXTargetDependency;
			target = 880323982270989C00C68A41 /* testAutocomplete */;
			targetProxy = 880323BC2270989E00C68A41 /* PBXContainerItemProxy */;
		};
/* End PBXTargetDependency section */

/* Begin PBXVariantGroup section */
		880323A02270989C00C68A41 /* Main.storyboard */ = {
			isa = PBXVariantGroup;
			children = (
				880323A12270989C00C68A41 /* Base */,
			);
			name = Main.storyboard;
			sourceTree = "<group>";
		};
		880323A82270989E00C68A41 /* LaunchScreen.storyboard */ = {
			isa = PBXVariantGroup;
			children = (
				880323A92270989E00C68A41 /* Base */,
			);
			name = LaunchScreen.storyboard;
			sourceTree = "<group>";
		};
/* End PBXVariantGroup section */

/* Begin XCBuildConfiguration section */
		880323C22270989E00C68A41 /* Debug */ = {
			isa = XCBuildConfiguration;
			buildSettings = {
				ALWAYS_SEARCH_USER_PATHS = NO;
				CLANG_ANALYZER_NONNULL = YES;
				CLANG_ANALYZER_NUMBER_OBJECT_CONVERSION = YES_AGGRESSIVE;
				CLANG_CXX_LANGUAGE_STANDARD = "gnu++14";
				CLANG_CXX_LIBRARY = "libc++";
				CLANG_ENABLE_MODULES = YES;
				CLANG_ENABLE_OBJC_ARC = YES;
				CLANG_ENABLE_OBJC_WEAK = YES;
				CLANG_WARN_BLOCK_CAPTURE_AUTORELEASING = YES;
				CLANG_WARN_BOOL_CONVERSION = YES;
				CLANG_WARN_COMMA = YES;
				CLANG_WARN_CONSTANT_CONVERSION = YES;
				CLANG_WARN_DEPRECATED_OBJC_IMPLEMENTATIONS = YES;
				CLANG_WARN_DIRECT_OBJC_ISA_USAGE = YES_ERROR;
				CLANG_WARN_DOCUMENTATION_COMMENTS = YES;
				CLANG_WARN_EMPTY_BODY = YES;
				CLANG_WARN_ENUM_CONVERSION = YES;
				CLANG_WARN_INFINITE_RECURSION = YES;
				CLANG_WARN_INT_CONVERSION = YES;
				CLANG_WARN_NON_LITERAL_NULL_CONVERSION = YES;
				CLANG_WARN_OBJC_IMPLICIT_RETAIN_SELF = YES;
				CLANG_WARN_OBJC_LITERAL_CONVERSION = YES;
				CLANG_WARN_OBJC_ROOT_CLASS = YES_ERROR;
				CLANG_WARN_RANGE_LOOP_ANALYSIS = YES;
				CLANG_WARN_STRICT_PROTOTYPES = YES;
				CLANG_WARN_SUSPICIOUS_MOVE = YES;
				CLANG_WARN_UNGUARDED_AVAILABILITY = YES_AGGRESSIVE;
				CLANG_WARN_UNREACHABLE_CODE = YES;
				CLANG_WARN__DUPLICATE_METHOD_MATCH = YES;
				CODE_SIGN_IDENTITY = "iPhone Developer";
				COPY_PHASE_STRIP = NO;
				DEBUG_INFORMATION_FORMAT = dwarf;
				ENABLE_STRICT_OBJC_MSGSEND = YES;
				ENABLE_TESTABILITY = YES;
				GCC_C_LANGUAGE_STANDARD = gnu11;
				GCC_DYNAMIC_NO_PIC = NO;
				GCC_NO_COMMON_BLOCKS = YES;
				GCC_OPTIMIZATION_LEVEL = 0;
				GCC_PREPROCESSOR_DEFINITIONS = (
					"DEBUG=1",
					"$(inherited)",
				);
				GCC_WARN_64_TO_32_BIT_CONVERSION = YES;
				GCC_WARN_ABOUT_RETURN_TYPE = YES_ERROR;
				GCC_WARN_UNDECLARED_SELECTOR = YES;
				GCC_WARN_UNINITIALIZED_AUTOS = YES_AGGRESSIVE;
				GCC_WARN_UNUSED_FUNCTION = YES;
				GCC_WARN_UNUSED_VARIABLE = YES;
				IPHONEOS_DEPLOYMENT_TARGET = 12.1;
				MTL_ENABLE_DEBUG_INFO = INCLUDE_SOURCE;
				MTL_FAST_MATH = YES;
				ONLY_ACTIVE_ARCH = YES;
				SDKROOT = iphoneos;
				SWIFT_ACTIVE_COMPILATION_CONDITIONS = DEBUG;
				SWIFT_OPTIMIZATION_LEVEL = "-Onone";
			};
			name = Debug;
		};
		880323C32270989E00C68A41 /* Release */ = {
			isa = XCBuildConfiguration;
			buildSettings = {
				ALWAYS_SEARCH_USER_PATHS = NO;
				CLANG_ANALYZER_NONNULL = YES;
				CLANG_ANALYZER_NUMBER_OBJECT_CONVERSION = YES_AGGRESSIVE;
				CLANG_CXX_LANGUAGE_STANDARD = "gnu++14";
				CLANG_CXX_LIBRARY = "libc++";
				CLANG_ENABLE_MODULES = YES;
				CLANG_ENABLE_OBJC_ARC = YES;
				CLANG_ENABLE_OBJC_WEAK = YES;
				CLANG_WARN_BLOCK_CAPTURE_AUTORELEASING = YES;
				CLANG_WARN_BOOL_CONVERSION = YES;
				CLANG_WARN_COMMA = YES;
				CLANG_WARN_CONSTANT_CONVERSION = YES;
				CLANG_WARN_DEPRECATED_OBJC_IMPLEMENTATIONS = YES;
				CLANG_WARN_DIRECT_OBJC_ISA_USAGE = YES_ERROR;
				CLANG_WARN_DOCUMENTATION_COMMENTS = YES;
				CLANG_WARN_EMPTY_BODY = YES;
				CLANG_WARN_ENUM_CONVERSION = YES;
				CLANG_WARN_INFINITE_RECURSION = YES;
				CLANG_WARN_INT_CONVERSION = YES;
				CLANG_WARN_NON_LITERAL_NULL_CONVERSION = YES;
				CLANG_WARN_OBJC_IMPLICIT_RETAIN_SELF = YES;
				CLANG_WARN_OBJC_LITERAL_CONVERSION = YES;
				CLANG_WARN_OBJC_ROOT_CLASS = YES_ERROR;
				CLANG_WARN_RANGE_LOOP_ANALYSIS = YES;
				CLANG_WARN_STRICT_PROTOTYPES = YES;
				CLANG_WARN_SUSPICIOUS_MOVE = YES;
				CLANG_WARN_UNGUARDED_AVAILABILITY = YES_AGGRESSIVE;
				CLANG_WARN_UNREACHABLE_CODE = YES;
				CLANG_WARN__DUPLICATE_METHOD_MATCH = YES;
				CODE_SIGN_IDENTITY = "iPhone Developer";
				COPY_PHASE_STRIP = NO;
				DEBUG_INFORMATION_FORMAT = "dwarf-with-dsym";
				ENABLE_NS_ASSERTIONS = NO;
				ENABLE_STRICT_OBJC_MSGSEND = YES;
				GCC_C_LANGUAGE_STANDARD = gnu11;
				GCC_NO_COMMON_BLOCKS = YES;
				GCC_WARN_64_TO_32_BIT_CONVERSION = YES;
				GCC_WARN_ABOUT_RETURN_TYPE = YES_ERROR;
				GCC_WARN_UNDECLARED_SELECTOR = YES;
				GCC_WARN_UNINITIALIZED_AUTOS = YES_AGGRESSIVE;
				GCC_WARN_UNUSED_FUNCTION = YES;
				GCC_WARN_UNUSED_VARIABLE = YES;
				IPHONEOS_DEPLOYMENT_TARGET = 12.1;
				MTL_ENABLE_DEBUG_INFO = NO;
				MTL_FAST_MATH = YES;
				SDKROOT = iphoneos;
				SWIFT_COMPILATION_MODE = wholemodule;
				SWIFT_OPTIMIZATION_LEVEL = "-O";
				VALIDATE_PRODUCT = YES;
			};
			name = Release;
		};
		880323C52270989E00C68A41 /* Debug */ = {
			isa = XCBuildConfiguration;
			buildSettings = {
				ASSETCATALOG_COMPILER_APPICON_NAME = AppIcon;
				CODE_SIGN_STYLE = Automatic;
				DEVELOPMENT_TEAM = 5N6FW6CZWA;
				FRAMEWORK_SEARCH_PATHS = (
					"$(inherited)",
					"$(PROJECT_DIR)",
				);
				INFOPLIST_FILE = testAutocomplete/Info.plist;
				IPHONEOS_DEPLOYMENT_TARGET = 12.1;
				LD_RUNPATH_SEARCH_PATHS = (
					"$(inherited)",
					"@executable_path/Frameworks",
				);
				OTHER_LDFLAGS = "-ObjC";
				PRODUCT_BUNDLE_IDENTIFIER = Diego.testAutocomplete;
				PRODUCT_NAME = "$(TARGET_NAME)";
				SWIFT_VERSION = 4.2;
				TARGETED_DEVICE_FAMILY = "1,2";
			};
			name = Debug;
		};
		880323C62270989E00C68A41 /* Release */ = {
			isa = XCBuildConfiguration;
			buildSettings = {
				ASSETCATALOG_COMPILER_APPICON_NAME = AppIcon;
				CODE_SIGN_STYLE = Automatic;
				DEVELOPMENT_TEAM = 5N6FW6CZWA;
				FRAMEWORK_SEARCH_PATHS = (
					"$(inherited)",
					"$(PROJECT_DIR)",
				);
				INFOPLIST_FILE = testAutocomplete/Info.plist;
				IPHONEOS_DEPLOYMENT_TARGET = 12.1;
				LD_RUNPATH_SEARCH_PATHS = (
					"$(inherited)",
					"@executable_path/Frameworks",
				);
				OTHER_LDFLAGS = "-ObjC";
				"OTHER_LDFLAGS[arch=*]" = "";
				PRODUCT_BUNDLE_IDENTIFIER = Diego.testAutocomplete;
				PRODUCT_NAME = "$(TARGET_NAME)";
				SWIFT_VERSION = 4.2;
				TARGETED_DEVICE_FAMILY = "1,2";
			};
			name = Release;
		};
		880323C82270989E00C68A41 /* Debug */ = {
			isa = XCBuildConfiguration;
			buildSettings = {
				ALWAYS_EMBED_SWIFT_STANDARD_LIBRARIES = YES;
				BUNDLE_LOADER = "$(TEST_HOST)";
				CODE_SIGN_STYLE = Automatic;
				DEVELOPMENT_TEAM = 5N6FW6CZWA;
				INFOPLIST_FILE = testAutocompleteTests/Info.plist;
				LD_RUNPATH_SEARCH_PATHS = (
					"$(inherited)",
					"@executable_path/Frameworks",
					"@loader_path/Frameworks",
				);
				PRODUCT_BUNDLE_IDENTIFIER = Diego.testAutocompleteTests;
				PRODUCT_NAME = "$(TARGET_NAME)";
				SWIFT_VERSION = 4.2;
				TARGETED_DEVICE_FAMILY = "1,2";
				TEST_HOST = "$(BUILT_PRODUCTS_DIR)/testAutocomplete.app/testAutocomplete";
			};
			name = Debug;
		};
		880323C92270989E00C68A41 /* Release */ = {
			isa = XCBuildConfiguration;
			buildSettings = {
				ALWAYS_EMBED_SWIFT_STANDARD_LIBRARIES = YES;
				BUNDLE_LOADER = "$(TEST_HOST)";
				CODE_SIGN_STYLE = Automatic;
				DEVELOPMENT_TEAM = 5N6FW6CZWA;
				INFOPLIST_FILE = testAutocompleteTests/Info.plist;
				LD_RUNPATH_SEARCH_PATHS = (
					"$(inherited)",
					"@executable_path/Frameworks",
					"@loader_path/Frameworks",
				);
				PRODUCT_BUNDLE_IDENTIFIER = Diego.testAutocompleteTests;
				PRODUCT_NAME = "$(TARGET_NAME)";
				SWIFT_VERSION = 4.2;
				TARGETED_DEVICE_FAMILY = "1,2";
				TEST_HOST = "$(BUILT_PRODUCTS_DIR)/testAutocomplete.app/testAutocomplete";
			};
			name = Release;
		};
		880323CB2270989E00C68A41 /* Debug */ = {
			isa = XCBuildConfiguration;
			buildSettings = {
				ALWAYS_EMBED_SWIFT_STANDARD_LIBRARIES = YES;
				CODE_SIGN_STYLE = Automatic;
				DEVELOPMENT_TEAM = 5N6FW6CZWA;
				INFOPLIST_FILE = testAutocompleteUITests/Info.plist;
				LD_RUNPATH_SEARCH_PATHS = (
					"$(inherited)",
					"@executable_path/Frameworks",
					"@loader_path/Frameworks",
				);
				PRODUCT_BUNDLE_IDENTIFIER = Diego.testAutocompleteUITests;
				PRODUCT_NAME = "$(TARGET_NAME)";
				SWIFT_VERSION = 4.2;
				TARGETED_DEVICE_FAMILY = "1,2";
				TEST_TARGET_NAME = testAutocomplete;
			};
			name = Debug;
		};
		880323CC2270989E00C68A41 /* Release */ = {
			isa = XCBuildConfiguration;
			buildSettings = {
				ALWAYS_EMBED_SWIFT_STANDARD_LIBRARIES = YES;
				CODE_SIGN_STYLE = Automatic;
				DEVELOPMENT_TEAM = 5N6FW6CZWA;
				INFOPLIST_FILE = testAutocompleteUITests/Info.plist;
				LD_RUNPATH_SEARCH_PATHS = (
					"$(inherited)",
					"@executable_path/Frameworks",
					"@loader_path/Frameworks",
				);
				PRODUCT_BUNDLE_IDENTIFIER = Diego.testAutocompleteUITests;
				PRODUCT_NAME = "$(TARGET_NAME)";
				SWIFT_VERSION = 4.2;
				TARGETED_DEVICE_FAMILY = "1,2";
				TEST_TARGET_NAME = testAutocomplete;
			};
			name = Release;
		};
/* End XCBuildConfiguration section */

/* Begin XCConfigurationList section */
		880323942270989C00C68A41 /* Build configuration list for PBXProject "testAutocomplete" */ = {
			isa = XCConfigurationList;
			buildConfigurations = (
				880323C22270989E00C68A41 /* Debug */,
				880323C32270989E00C68A41 /* Release */,
			);
			defaultConfigurationIsVisible = 0;
			defaultConfigurationName = Release;
		};
		880323C42270989E00C68A41 /* Build configuration list for PBXNativeTarget "testAutocomplete" */ = {
			isa = XCConfigurationList;
			buildConfigurations = (
				880323C52270989E00C68A41 /* Debug */,
				880323C62270989E00C68A41 /* Release */,
			);
			defaultConfigurationIsVisible = 0;
			defaultConfigurationName = Release;
		};
		880323C72270989E00C68A41 /* Build configuration list for PBXNativeTarget "testAutocompleteTests" */ = {
			isa = XCConfigurationList;
			buildConfigurations = (
				880323C82270989E00C68A41 /* Debug */,
				880323C92270989E00C68A41 /* Release */,
			);
			defaultConfigurationIsVisible = 0;
			defaultConfigurationName = Release;
		};
		880323CA2270989E00C68A41 /* Build configuration list for PBXNativeTarget "testAutocompleteUITests" */ = {
			isa = XCConfigurationList;
			buildConfigurations = (
				880323CB2270989E00C68A41 /* Debug */,
				880323CC2270989E00C68A41 /* Release */,
			);
			defaultConfigurationIsVisible = 0;
			defaultConfigurationName = Release;
		};
/* End XCConfigurationList section */

/* Begin XCVersionGroup section */
		880323A32270989C00C68A41 /* testAutocomplete.xcdatamodeld */ = {
			isa = XCVersionGroup;
			children = (
				880323A42270989C00C68A41 /* testAutocomplete.xcdatamodel */,
			);
			currentVersion = 880323A42270989C00C68A41 /* testAutocomplete.xcdatamodel */;
			path = testAutocomplete.xcdatamodeld;
			sourceTree = "<group>";
			versionGroupType = wrapper.xcdatamodel;
		};
/* End XCVersionGroup section */
	};
	rootObject = 880323912270989C00C68A41 /* Project object */;
}
